
Microsoft Visual Studio Solution File, Format Version 12.00
# Visual Studio Version 16
VisualStudioVersion = 16.0.30309.148
MinimumVisualStudioVersion = 10.0.40219.1
Project("{8BC9CEB8-8B4A-11D0-8D11-00A0C91BC942}") = "SherlockAndAnagrams", "SherlockAndAnagrams.vcxproj", "{0AAC3B9B-CACA-47F8-B3FF-5E2D71B111FB}"
EndProject
Global
	GlobalSection(SolutionConfigurationPlatforms) = preSolution
		Debug|x64 = Debug|x64
		Debug|x86 = Debug|x86
		Release|x64 = Release|x64
		Release|x86 = Release|x86
	EndGlobalSection
	GlobalSection(ProjectConfigurationPlatforms) = postSolution
		{0AAC3B9B-CACA-47F8-B3FF-5E2D71B111FB}.Debug|x64.ActiveCfg = Debug|x64
		{0AAC3B9B-CACA-47F8-B3FF-5E2D71B111FB}.Debug|x64.Build.0 = Debug|x64
		{0AAC3B9B-CACA-47F8-B3FF-5E2D71B111FB}.Debug|x86.ActiveCfg = Debug|Win32
		{0AAC3B9B-CACA-47F8-B3FF-5E2D71B111FB}.Debug|x86.Build.0 = Debug|Win32
		{0AAC3B9B-CACA-47F8-B3FF-5E2D71B111FB}.Release|x64.ActiveCfg = Release|x64
		{0AAC3B9B-CACA-47F8-B3FF-5E2D71B111FB}.Release|x64.Build.0 = Release|x64
		{0AAC3B9B-CACA-47F8-B3FF-5E2D71B111FB}.Release|x86.ActiveCfg = Release|Win32
		{0AAC3B9B-CACA-47F8-B3FF-5E2D71B111FB}.Release|x86.Build.0 = Release|Win32
	EndGlobalSection
	GlobalSection(SolutionProperties) = preSolution
		HideSolutionNode = FALSE
	EndGlobalSection
	GlobalSection(ExtensibilityGlobals) = postSolution
		SolutionGuid = {9F60A36E-B463-46EE-8336-D15B1EF094A3}
	EndGlobalSection
EndGlobal
