
Microsoft Visual Studio Solution File, Format Version 12.00
# Visual Studio Version 16
VisualStudioVersion = 16.0.30309.148
MinimumVisualStudioVersion = 10.0.40219.1
Project("{8BC9CEB8-8B4A-11D0-8D11-00A0C91BC942}") = "Count Triplets", "Count Triplets.vcxproj", "{B2925D49-50D1-46E6-881E-9B760572556A}"
EndProject
Global
	GlobalSection(SolutionConfigurationPlatforms) = preSolution
		Debug|x64 = Debug|x64
		Debug|x86 = Debug|x86
		Release|x64 = Release|x64
		Release|x86 = Release|x86
	EndGlobalSection
	GlobalSection(ProjectConfigurationPlatforms) = postSolution
		{B2925D49-50D1-46E6-881E-9B760572556A}.Debug|x64.ActiveCfg = Debug|x64
		{B2925D49-50D1-46E6-881E-9B760572556A}.Debug|x64.Build.0 = Debug|x64
		{B2925D49-50D1-46E6-881E-9B760572556A}.Debug|x86.ActiveCfg = Debug|Win32
		{B2925D49-50D1-46E6-881E-9B760572556A}.Debug|x86.Build.0 = Debug|Win32
		{B2925D49-50D1-46E6-881E-9B760572556A}.Release|x64.ActiveCfg = Release|x64
		{B2925D49-50D1-46E6-881E-9B760572556A}.Release|x64.Build.0 = Release|x64
		{B2925D49-50D1-46E6-881E-9B760572556A}.Release|x86.ActiveCfg = Release|Win32
		{B2925D49-50D1-46E6-881E-9B760572556A}.Release|x86.Build.0 = Release|Win32
	EndGlobalSection
	GlobalSection(SolutionProperties) = preSolution
		HideSolutionNode = FALSE
	EndGlobalSection
	GlobalSection(ExtensibilityGlobals) = postSolution
		SolutionGuid = {B2F9E84E-7F8C-41C9-B322-E3032E21A7D7}
	EndGlobalSection
EndGlobal
